
Microsoft Visual Studio Solution File, Format Version 12.00
# Visual Studio Version 17
VisualStudioVersion = 17.3.32922.545
MinimumVisualStudioVersion = 10.0.40219.1
Project("{FAE04EC0-301F-11D3-BF4B-00C04F79EFBC}") = "DirectorySizeWPF", "DirectorySizeWPF\DirectorySizeWPF.csproj", "{D6126167-C1FE-4420-ACA0-FEA81EAC34E8}"
EndProject
Global
	GlobalSection(SolutionConfigurationPlatforms) = preSolution
		Debug|Any CPU = Debug|Any CPU
		Release|Any CPU = Release|Any CPU
	EndGlobalSection
	GlobalSection(ProjectConfigurationPlatforms) = postSolution
		{D6126167-C1FE-4420-ACA0-FEA81EAC34E8}.Debug|Any CPU.ActiveCfg = Debug|Any CPU
		{D6126167-C1FE-4420-ACA0-FEA81EAC34E8}.Debug|Any CPU.Build.0 = Debug|Any CPU
		{D6126167-C1FE-4420-ACA0-FEA81EAC34E8}.Release|Any CPU.ActiveCfg = Release|Any CPU
		{D6126167-C1FE-4420-ACA0-FEA81EAC34E8}.Release|Any CPU.Build.0 = Release|Any CPU
	EndGlobalSection
	GlobalSection(SolutionProperties) = preSolution
		HideSolutionNode = FALSE
	EndGlobalSection
	GlobalSection(ExtensibilityGlobals) = postSolution
		SolutionGuid = {8E91578C-99EE-43F7-A3CC-54D8BC9F9EBC}
	EndGlobalSection
EndGlobal
